<?xml version="1.0" encoding="utf-8"?>
<Project ToolsVersion="4.0" xmlns="http://schemas.microsoft.com/developer/msbuild/2003">
  <ItemGroup>
    <Filter Include="src">
      <UniqueIdentifier>{4FC737F1-C7A5-4376-A066-2A32D752A2FF}</UniqueIdentifier>
      <Extensions>cpp;c;cc;cxx;c++;cppm;ixx;def;odl;idl;hpj;bat;asm;asmx</Extensions>
    </Filter>
    <Filter Include="src\Modules">
      <UniqueIdentifier>{18775747-c778-4608-8e93-127ed16d8548}</UniqueIdentifier>
    </Filter>
  </ItemGroup>
  <ItemGroup>
    <ClCompile Include="Main.cc">
      <Filter>src</Filter>
    </ClCompile>
  </ItemGroup>
  <ItemGroup>
    <ClInclude Include="Vector.hpp">
      <Filter>src\Modules</Filter>
    </ClInclude>
    <ClInclude Include="Includes.hpp">
      <Filter>src\Modules</Filter>
    </ClInclude>
    <ClInclude Include="Math.hpp">
      <Filter>src\Modules</Filter>
    </ClInclude>
    <ClInclude Include="Memory.hpp">
      <Filter>src\Modules</Filter>
    </ClInclude>
  </ItemGroup>
</Project>